
Microsoft Visual Studio Solution File, Format Version 12.00
# Visual Studio Version 16
VisualStudioVersion = 16.0.30204.135
MinimumVisualStudioVersion = 10.0.40219.1
Project("{FAE04EC0-301F-11D3-BF4B-00C04F79EFBC}") = "Module4_TP01.UWP", "Module4_TP01\Module4_TP01.UWP\Module4_TP01.UWP.csproj", "{F8C628DA-D184-4A7D-BBB1-835F6EFB9FFD}"
EndProject
Project("{FAE04EC0-301F-11D3-BF4B-00C04F79EFBC}") = "Module4_TP01.Android", "Module4_TP01\Module4_TP01.Android\Module4_TP01.Android.csproj", "{3BA2C478-380B-4B60-BF98-678A03180EF6}"
EndProject
Project("{FAE04EC0-301F-11D3-BF4B-00C04F79EFBC}") = "Module4_TP01.iOS", "Module4_TP01\Module4_TP01.iOS\Module4_TP01.iOS.csproj", "{D21CDB58-C72C-4964-BE31-D359FB2C7E67}"
EndProject
Project("{FAE04EC0-301F-11D3-BF4B-00C04F79EFBC}") = "Module4_TP01", "Module4_TP01\Module4_TP01\Module4_TP01.csproj", "{6C2635C7-887D-4CB7-8C15-AC66905E0B63}"
EndProject
Global
	GlobalSection(SolutionConfigurationPlatforms) = preSolution
		Debug|Any CPU = Debug|Any CPU
		Debug|ARM = Debug|ARM
		Debug|iPhone = Debug|iPhone
		Debug|iPhoneSimulator = Debug|iPhoneSimulator
		Debug|x64 = Debug|x64
		Debug|x86 = Debug|x86
		Release|Any CPU = Release|Any CPU
		Release|ARM = Release|ARM
		Release|iPhone = Release|iPhone
		Release|iPhoneSimulator = Release|iPhoneSimulator
		Release|x64 = Release|x64
		Release|x86 = Release|x86
	EndGlobalSection
	GlobalSection(ProjectConfigurationPlatforms) = postSolution
		{F8C628DA-D184-4A7D-BBB1-835F6EFB9FFD}.Debug|Any CPU.ActiveCfg = Debug|x86
		{F8C628DA-D184-4A7D-BBB1-835F6EFB9FFD}.Debug|Any CPU.Build.0 = Debug|x86
		{F8C628DA-D184-4A7D-BBB1-835F6EFB9FFD}.Debug|Any CPU.Deploy.0 = Debug|x86
		{F8C628DA-D184-4A7D-BBB1-835F6EFB9FFD}.Debug|ARM.ActiveCfg = Debug|ARM
		{F8C628DA-D184-4A7D-BBB1-835F6EFB9FFD}.Debug|ARM.Build.0 = Debug|ARM
		{F8C628DA-D184-4A7D-BBB1-835F6EFB9FFD}.Debug|ARM.Deploy.0 = Debug|ARM
		{F8C628DA-D184-4A7D-BBB1-835F6EFB9FFD}.Debug|iPhone.ActiveCfg = Debug|x86
		{F8C628DA-D184-4A7D-BBB1-835F6EFB9FFD}.Debug|iPhone.Build.0 = Debug|x86
		{F8C628DA-D184-4A7D-BBB1-835F6EFB9FFD}.Debug|iPhone.Deploy.0 = Debug|x86
		{F8C628DA-D184-4A7D-BBB1-835F6EFB9FFD}.Debug|iPhoneSimulator.ActiveCfg = Debug|x86
		{F8C628DA-D184-4A7D-BBB1-835F6EFB9FFD}.Debug|iPhoneSimulator.Build.0 = Debug|x86
		{F8C628DA-D184-4A7D-BBB1-835F6EFB9FFD}.Debug|iPhoneSimulator.Deploy.0 = Debug|x86
		{F8C628DA-D184-4A7D-BBB1-835F6EFB9FFD}.Debug|x64.ActiveCfg = Debug|x64
		{F8C628DA-D184-4A7D-BBB1-835F6EFB9FFD}.Debug|x64.Build.0 = Debug|x64
		{F8C628DA-D184-4A7D-BBB1-835F6EFB9FFD}.Debug|x64.Deploy.0 = Debug|x64
		{F8C628DA-D184-4A7D-BBB1-835F6EFB9FFD}.Debug|x86.ActiveCfg = Debug|x86
		{F8C628DA-D184-4A7D-BBB1-835F6EFB9FFD}.Debug|x86.Build.0 = Debug|x86
		{F8C628DA-D184-4A7D-BBB1-835F6EFB9FFD}.Debug|x86.Deploy.0 = Debug|x86
		{F8C628DA-D184-4A7D-BBB1-835F6EFB9FFD}.Release|Any CPU.ActiveCfg = Release|x86
		{F8C628DA-D184-4A7D-BBB1-835F6EFB9FFD}.Release|Any CPU.Build.0 = Release|x86
		{F8C628DA-D184-4A7D-BBB1-835F6EFB9FFD}.Release|Any CPU.Deploy.0 = Release|x86
		{F8C628DA-D184-4A7D-BBB1-835F6EFB9FFD}.Release|ARM.ActiveCfg = Release|ARM
		{F8C628DA-D184-4A7D-BBB1-835F6EFB9FFD}.Release|ARM.Build.0 = Release|ARM
		{F8C628DA-D184-4A7D-BBB1-835F6EFB9FFD}.Release|ARM.Deploy.0 = Release|ARM
		{F8C628DA-D184-4A7D-BBB1-835F6EFB9FFD}.Release|iPhone.ActiveCfg = Release|x86
		{F8C628DA-D184-4A7D-BBB1-835F6EFB9FFD}.Release|iPhone.Build.0 = Release|x86
		{F8C628DA-D184-4A7D-BBB1-835F6EFB9FFD}.Release|iPhone.Deploy.0 = Release|x86
		{F8C628DA-D184-4A7D-BBB1-835F6EFB9FFD}.Release|iPhoneSimulator.ActiveCfg = Release|x86
		{F8C628DA-D184-4A7D-BBB1-835F6EFB9FFD}.Release|iPhoneSimulator.Build.0 = Release|x86
		{F8C628DA-D184-4A7D-BBB1-835F6EFB9FFD}.Release|iPhoneSimulator.Deploy.0 = Release|x86
		{F8C628DA-D184-4A7D-BBB1-835F6EFB9FFD}.Release|x64.ActiveCfg = Release|x64
		{F8C628DA-D184-4A7D-BBB1-835F6EFB9FFD}.Release|x64.Build.0 = Release|x64
		{F8C628DA-D184-4A7D-BBB1-835F6EFB9FFD}.Release|x64.Deploy.0 = Release|x64
		{F8C628DA-D184-4A7D-BBB1-835F6EFB9FFD}.Release|x86.ActiveCfg = Release|x86
		{F8C628DA-D184-4A7D-BBB1-835F6EFB9FFD}.Release|x86.Build.0 = Release|x86
		{F8C628DA-D184-4A7D-BBB1-835F6EFB9FFD}.Release|x86.Deploy.0 = Release|x86
		{3BA2C478-380B-4B60-BF98-678A03180EF6}.Debug|Any CPU.ActiveCfg = Debug|Any CPU
		{3BA2C478-380B-4B60-BF98-678A03180EF6}.Debug|Any CPU.Build.0 = Debug|Any CPU
		{3BA2C478-380B-4B60-BF98-678A03180EF6}.Debug|Any CPU.Deploy.0 = Debug|Any CPU
		{3BA2C478-380B-4B60-BF98-678A03180EF6}.Debug|ARM.ActiveCfg = Debug|Any CPU
		{3BA2C478-380B-4B60-BF98-678A03180EF6}.Debug|ARM.Build.0 = Debug|Any CPU
		{3BA2C478-380B-4B60-BF98-678A03180EF6}.Debug|ARM.Deploy.0 = Debug|Any CPU
		{3BA2C478-380B-4B60-BF98-678A03180EF6}.Debug|iPhone.ActiveCfg = Debug|Any CPU
		{3BA2C478-380B-4B60-BF98-678A03180EF6}.Debug|iPhone.Build.0 = Debug|Any CPU
		{3BA2C478-380B-4B60-BF98-678A03180EF6}.Debug|iPhone.Deploy.0 = Debug|Any CPU
		{3BA2C478-380B-4B60-BF98-678A03180EF6}.Debug|iPhoneSimulator.ActiveCfg = Debug|Any CPU
		{3BA2C478-380B-4B60-BF98-678A03180EF6}.Debug|iPhoneSimulator.Build.0 = Debug|Any CPU
		{3BA2C478-380B-4B60-BF98-678A03180EF6}.Debug|iPhoneSimulator.Deploy.0 = Debug|Any CPU
		{3BA2C478-380B-4B60-BF98-678A03180EF6}.Debug|x64.ActiveCfg = Debug|Any CPU
		{3BA2C478-380B-4B60-BF98-678A03180EF6}.Debug|x64.Build.0 = Debug|Any CPU
		{3BA2C478-380B-4B60-BF98-678A03180EF6}.Debug|x64.Deploy.0 = Debug|Any CPU
		{3BA2C478-380B-4B60-BF98-678A03180EF6}.Debug|x86.ActiveCfg = Debug|Any CPU
		{3BA2C478-380B-4B60-BF98-678A03180EF6}.Debug|x86.Build.0 = Debug|Any CPU
		{3BA2C478-380B-4B60-BF98-678A03180EF6}.Debug|x86.Deploy.0 = Debug|Any CPU
		{3BA2C478-380B-4B60-BF98-678A03180EF6}.Release|Any CPU.ActiveCfg = Release|Any CPU
		{3BA2C478-380B-4B60-BF98-678A03180EF6}.Release|Any CPU.Build.0 = Release|Any CPU
		{3BA2C478-380B-4B60-BF98-678A03180EF6}.Release|Any CPU.Deploy.0 = Release|Any CPU
		{3BA2C478-380B-4B60-BF98-678A03180EF6}.Release|ARM.ActiveCfg = Release|Any CPU
		{3BA2C478-380B-4B60-BF98-678A03180EF6}.Release|ARM.Build.0 = Release|Any CPU
		{3BA2C478-380B-4B60-BF98-678A03180EF6}.Release|ARM.Deploy.0 = Release|Any CPU
		{3BA2C478-380B-4B60-BF98-678A03180EF6}.Release|iPhone.ActiveCfg = Release|Any CPU
		{3BA2C478-380B-4B60-BF98-678A03180EF6}.Release|iPhone.Build.0 = Release|Any CPU
		{3BA2C478-380B-4B60-BF98-678A03180EF6}.Release|iPhone.Deploy.0 = Release|Any CPU
		{3BA2C478-380B-4B60-BF98-678A03180EF6}.Release|iPhoneSimulator.ActiveCfg = Release|Any CPU
		{3BA2C478-380B-4B60-BF98-678A03180EF6}.Release|iPhoneSimulator.Build.0 = Release|Any CPU
		{3BA2C478-380B-4B60-BF98-678A03180EF6}.Release|iPhoneSimulator.Deploy.0 = Release|Any CPU
		{3BA2C478-380B-4B60-BF98-678A03180EF6}.Release|x64.ActiveCfg = Release|Any CPU
		{3BA2C478-380B-4B60-BF98-678A03180EF6}.Release|x64.Build.0 = Release|Any CPU
		{3BA2C478-380B-4B60-BF98-678A03180EF6}.Release|x64.Deploy.0 = Release|Any CPU
		{3BA2C478-380B-4B60-BF98-678A03180EF6}.Release|x86.ActiveCfg = Release|Any CPU
		{3BA2C478-380B-4B60-BF98-678A03180EF6}.Release|x86.Build.0 = Release|Any CPU
		{3BA2C478-380B-4B60-BF98-678A03180EF6}.Release|x86.Deploy.0 = Release|Any CPU
		{D21CDB58-C72C-4964-BE31-D359FB2C7E67}.Debug|Any CPU.ActiveCfg = Debug|iPhone
		{D21CDB58-C72C-4964-BE31-D359FB2C7E67}.Debug|Any CPU.Build.0 = Debug|iPhone
		{D21CDB58-C72C-4964-BE31-D359FB2C7E67}.Debug|Any CPU.Deploy.0 = Debug|iPhone
		{D21CDB58-C72C-4964-BE31-D359FB2C7E67}.Debug|ARM.ActiveCfg = Debug|iPhone
		{D21CDB58-C72C-4964-BE31-D359FB2C7E67}.Debug|ARM.Build.0 = Debug|iPhone
		{D21CDB58-C72C-4964-BE31-D359FB2C7E67}.Debug|ARM.Deploy.0 = Debug|iPhone
		{D21CDB58-C72C-4964-BE31-D359FB2C7E67}.Debug|iPhone.ActiveCfg = Debug|iPhone
		{D21CDB58-C72C-4964-BE31-D359FB2C7E67}.Debug|iPhone.Build.0 = Debug|iPhone
		{D21CDB58-C72C-4964-BE31-D359FB2C7E67}.Debug|iPhone.Deploy.0 = Debug|iPhone
		{D21CDB58-C72C-4964-BE31-D359FB2C7E67}.Debug|iPhoneSimulator.ActiveCfg = Debug|iPhoneSimulator
		{D21CDB58-C72C-4964-BE31-D359FB2C7E67}.Debug|iPhoneSimulator.Build.0 = Debug|iPhoneSimulator
		{D21CDB58-C72C-4964-BE31-D359FB2C7E67}.Debug|iPhoneSimulator.Deploy.0 = Debug|iPhoneSimulator
		{D21CDB58-C72C-4964-BE31-D359FB2C7E67}.Debug|x64.ActiveCfg = Debug|iPhone
		{D21CDB58-C72C-4964-BE31-D359FB2C7E67}.Debug|x64.Build.0 = Debug|iPhone
		{D21CDB58-C72C-4964-BE31-D359FB2C7E67}.Debug|x64.Deploy.0 = Debug|iPhone
		{D21CDB58-C72C-4964-BE31-D359FB2C7E67}.Debug|x86.ActiveCfg = Debug|iPhone
		{D21CDB58-C72C-4964-BE31-D359FB2C7E67}.Debug|x86.Build.0 = Debug|iPhone
		{D21CDB58-C72C-4964-BE31-D359FB2C7E67}.Debug|x86.Deploy.0 = Debug|iPhone
		{D21CDB58-C72C-4964-BE31-D359FB2C7E67}.Release|Any CPU.ActiveCfg = Release|iPhone
		{D21CDB58-C72C-4964-BE31-D359FB2C7E67}.Release|Any CPU.Build.0 = Release|iPhone
		{D21CDB58-C72C-4964-BE31-D359FB2C7E67}.Release|Any CPU.Deploy.0 = Release|iPhone
		{D21CDB58-C72C-4964-BE31-D359FB2C7E67}.Release|ARM.ActiveCfg = Release|iPhone
		{D21CDB58-C72C-4964-BE31-D359FB2C7E67}.Release|ARM.Build.0 = Release|iPhone
		{D21CDB58-C72C-4964-BE31-D359FB2C7E67}.Release|ARM.Deploy.0 = Release|iPhone
		{D21CDB58-C72C-4964-BE31-D359FB2C7E67}.Release|iPhone.ActiveCfg = Release|iPhone
		{D21CDB58-C72C-4964-BE31-D359FB2C7E67}.Release|iPhone.Build.0 = Release|iPhone
		{D21CDB58-C72C-4964-BE31-D359FB2C7E67}.Release|iPhone.Deploy.0 = Release|iPhone
		{D21CDB58-C72C-4964-BE31-D359FB2C7E67}.Release|iPhoneSimulator.ActiveCfg = Release|iPhoneSimulator
		{D21CDB58-C72C-4964-BE31-D359FB2C7E67}.Release|iPhoneSimulator.Build.0 = Release|iPhoneSimulator
		{D21CDB58-C72C-4964-BE31-D359FB2C7E67}.Release|iPhoneSimulator.Deploy.0 = Release|iPhoneSimulator
		{D21CDB58-C72C-4964-BE31-D359FB2C7E67}.Release|x64.ActiveCfg = Release|iPhone
		{D21CDB58-C72C-4964-BE31-D359FB2C7E67}.Release|x64.Build.0 = Release|iPhone
		{D21CDB58-C72C-4964-BE31-D359FB2C7E67}.Release|x64.Deploy.0 = Release|iPhone
		{D21CDB58-C72C-4964-BE31-D359FB2C7E67}.Release|x86.ActiveCfg = Release|iPhone
		{D21CDB58-C72C-4964-BE31-D359FB2C7E67}.Release|x86.Build.0 = Release|iPhone
		{D21CDB58-C72C-4964-BE31-D359FB2C7E67}.Release|x86.Deploy.0 = Release|iPhone
		{6C2635C7-887D-4CB7-8C15-AC66905E0B63}.Debug|Any CPU.ActiveCfg = Debug|Any CPU
		{6C2635C7-887D-4CB7-8C15-AC66905E0B63}.Debug|Any CPU.Build.0 = Debug|Any CPU
		{6C2635C7-887D-4CB7-8C15-AC66905E0B63}.Debug|Any CPU.Deploy.0 = Debug|Any CPU
		{6C2635C7-887D-4CB7-8C15-AC66905E0B63}.Debug|ARM.ActiveCfg = Debug|Any CPU
		{6C2635C7-887D-4CB7-8C15-AC66905E0B63}.Debug|ARM.Build.0 = Debug|Any CPU
		{6C2635C7-887D-4CB7-8C15-AC66905E0B63}.Debug|ARM.Deploy.0 = Debug|Any CPU
		{6C2635C7-887D-4CB7-8C15-AC66905E0B63}.Debug|iPhone.ActiveCfg = Debug|Any CPU
		{6C2635C7-887D-4CB7-8C15-AC66905E0B63}.Debug|iPhone.Build.0 = Debug|Any CPU
		{6C2635C7-887D-4CB7-8C15-AC66905E0B63}.Debug|iPhone.Deploy.0 = Debug|Any CPU
		{6C2635C7-887D-4CB7-8C15-AC66905E0B63}.Debug|iPhoneSimulator.ActiveCfg = Debug|Any CPU
		{6C2635C7-887D-4CB7-8C15-AC66905E0B63}.Debug|iPhoneSimulator.Build.0 = Debug|Any CPU
		{6C2635C7-887D-4CB7-8C15-AC66905E0B63}.Debug|iPhoneSimulator.Deploy.0 = Debug|Any CPU
		{6C2635C7-887D-4CB7-8C15-AC66905E0B63}.Debug|x64.ActiveCfg = Debug|Any CPU
		{6C2635C7-887D-4CB7-8C15-AC66905E0B63}.Debug|x64.Build.0 = Debug|Any CPU
		{6C2635C7-887D-4CB7-8C15-AC66905E0B63}.Debug|x64.Deploy.0 = Debug|Any CPU
		{6C2635C7-887D-4CB7-8C15-AC66905E0B63}.Debug|x86.ActiveCfg = Debug|Any CPU
		{6C2635C7-887D-4CB7-8C15-AC66905E0B63}.Debug|x86.Build.0 = Debug|Any CPU
		{6C2635C7-887D-4CB7-8C15-AC66905E0B63}.Debug|x86.Deploy.0 = Debug|Any CPU
		{6C2635C7-887D-4CB7-8C15-AC66905E0B63}.Release|Any CPU.ActiveCfg = Release|Any CPU
		{6C2635C7-887D-4CB7-8C15-AC66905E0B63}.Release|Any CPU.Build.0 = Release|Any CPU
		{6C2635C7-887D-4CB7-8C15-AC66905E0B63}.Release|Any CPU.Deploy.0 = Release|Any CPU
		{6C2635C7-887D-4CB7-8C15-AC66905E0B63}.Release|ARM.ActiveCfg = Release|Any CPU
		{6C2635C7-887D-4CB7-8C15-AC66905E0B63}.Release|ARM.Build.0 = Release|Any CPU
		{6C2635C7-887D-4CB7-8C15-AC66905E0B63}.Release|ARM.Deploy.0 = Release|Any CPU
		{6C2635C7-887D-4CB7-8C15-AC66905E0B63}.Release|iPhone.ActiveCfg = Release|Any CPU
		{6C2635C7-887D-4CB7-8C15-AC66905E0B63}.Release|iPhone.Build.0 = Release|Any CPU
		{6C2635C7-887D-4CB7-8C15-AC66905E0B63}.Release|iPhone.Deploy.0 = Release|Any CPU
		{6C2635C7-887D-4CB7-8C15-AC66905E0B63}.Release|iPhoneSimulator.ActiveCfg = Release|Any CPU
		{6C2635C7-887D-4CB7-8C15-AC66905E0B63}.Release|iPhoneSimulator.Build.0 = Release|Any CPU
		{6C2635C7-887D-4CB7-8C15-AC66905E0B63}.Release|iPhoneSimulator.Deploy.0 = Release|Any CPU
		{6C2635C7-887D-4CB7-8C15-AC66905E0B63}.Release|x64.ActiveCfg = Release|Any CPU
		{6C2635C7-887D-4CB7-8C15-AC66905E0B63}.Release|x64.Build.0 = Release|Any CPU
		{6C2635C7-887D-4CB7-8C15-AC66905E0B63}.Release|x64.Deploy.0 = Release|Any CPU
		{6C2635C7-887D-4CB7-8C15-AC66905E0B63}.Release|x86.ActiveCfg = Release|Any CPU
		{6C2635C7-887D-4CB7-8C15-AC66905E0B63}.Release|x86.Build.0 = Release|Any CPU
		{6C2635C7-887D-4CB7-8C15-AC66905E0B63}.Release|x86.Deploy.0 = Release|Any CPU
	EndGlobalSection
	GlobalSection(SolutionProperties) = preSolution
		HideSolutionNode = FALSE
	EndGlobalSection
	GlobalSection(ExtensibilityGlobals) = postSolution
		SolutionGuid = {14A1F339-6D32-4907-A4DB-AD96FE94E64F}
	EndGlobalSection
EndGlobal
